
Microsoft Visual Studio Solution File, Format Version 12.00
# Visual Studio 15
VisualStudioVersion = 15.0.26430.14
MinimumVisualStudioVersion = 10.0.40219.1
Project("{FAE04EC0-301F-11D3-BF4B-00C04F79EFBC}") = "ReverseString", "ReverseString\ReverseString.csproj", "{77CBA732-F1E5-487C-BDEC-128383D04D70}"
EndProject
Project("{FAE04EC0-301F-11D3-BF4B-00C04F79EFBC}") = "CountSubstringOccurances", "CountSubstringOccurances\CountSubstringOccurances.csproj", "{2299AA6B-777F-40B0-A43D-C2E57AC3D06D}"
EndProject
Project("{FAE04EC0-301F-11D3-BF4B-00C04F79EFBC}") = "TextFilter", "TextFilter\TextFilter.csproj", "{B9C0861B-90CC-4752-948F-9BE06291319F}"
EndProject
Global
	GlobalSection(SolutionConfigurationPlatforms) = preSolution
		Debug|Any CPU = Debug|Any CPU
		Release|Any CPU = Release|Any CPU
	EndGlobalSection
	GlobalSection(ProjectConfigurationPlatforms) = postSolution
		{77CBA732-F1E5-487C-BDEC-128383D04D70}.Debug|Any CPU.ActiveCfg = Debug|Any CPU
		{77CBA732-F1E5-487C-BDEC-128383D04D70}.Debug|Any CPU.Build.0 = Debug|Any CPU
		{77CBA732-F1E5-487C-BDEC-128383D04D70}.Release|Any CPU.ActiveCfg = Release|Any CPU
		{77CBA732-F1E5-487C-BDEC-128383D04D70}.Release|Any CPU.Build.0 = Release|Any CPU
		{2299AA6B-777F-40B0-A43D-C2E57AC3D06D}.Debug|Any CPU.ActiveCfg = Debug|Any CPU
		{2299AA6B-777F-40B0-A43D-C2E57AC3D06D}.Debug|Any CPU.Build.0 = Debug|Any CPU
		{2299AA6B-777F-40B0-A43D-C2E57AC3D06D}.Release|Any CPU.ActiveCfg = Release|Any CPU
		{2299AA6B-777F-40B0-A43D-C2E57AC3D06D}.Release|Any CPU.Build.0 = Release|Any CPU
		{B9C0861B-90CC-4752-948F-9BE06291319F}.Debug|Any CPU.ActiveCfg = Debug|Any CPU
		{B9C0861B-90CC-4752-948F-9BE06291319F}.Debug|Any CPU.Build.0 = Debug|Any CPU
		{B9C0861B-90CC-4752-948F-9BE06291319F}.Release|Any CPU.ActiveCfg = Release|Any CPU
		{B9C0861B-90CC-4752-948F-9BE06291319F}.Release|Any CPU.Build.0 = Release|Any CPU
	EndGlobalSection
	GlobalSection(SolutionProperties) = preSolution
		HideSolutionNode = FALSE
	EndGlobalSection
EndGlobal
